# This file is automatically @generated by Poetry 1.4.0 and should not be changed by hand.

[[package]]
name = "kkpyutil"
version = "1.33.4"
description = "Building blocks for sysadmin and DevOps"
category = "main"
optional = false
python-versions = ">=3.9,<4.0"
files = [
    {file = "kkpyutil-1.33.4-py3-none-any.whl", hash = "sha256:cd38511eebc60eceebf98fec95c2c8f091713a9b042d0ac43a4dfc843afe7ada"},
    {file = "kkpyutil-1.33.4.tar.gz", hash = "sha256:db16ad63f81da78b3717c392a1cd3ab6fb5d9b0f90b40de7b400362c7cf6889f"},
]

[[package]]
name = "python-osc"
version = "1.8.3"
description = "Open Sound Control server and client implementations in pure Python"
category = "dev"
optional = false
python-versions = ">=3.7"
files = [
    {file = "python-osc-1.8.3.tar.gz", hash = "sha256:a5ce1ba56c8d82df51cb3f2946b5dd33a70522791acc4b8564e62d2b20ad9caa"},
    {file = "python_osc-1.8.3-py3-none-any.whl", hash = "sha256:6fa7e5cf7690057712c26e5f67a747126e6a5f481a40792aad0f25ac3edee815"},
]

[metadata]
lock-version = "2.0"
python-versions = "^3.11"
content-hash = "5e80bdf5cacfa455220b65e29b83bf9f518fea0213d8776875fc820d4da3819b"
